// !$*UTF8*$!
{
	archiveVersion = 1;
	classes = {
	};
	objectVersion = 77;
	objects = {

/* Begin PBXContainerItemProxy section */
		904851402DFC38DE006D9F78 /* PBXContainerItemProxy */ = {
			isa = PBXContainerItemProxy;
			containerPortal = 9048512A2DFC38DB006D9F78 /* Project object */;
			proxyType = 1;
			remoteGlobalIDString = 904851312DFC38DB006D9F78;
			remoteInfo = Pokemon2;
		};
		9048514A2DFC38DE006D9F78 /* PBXContainerItemProxy */ = {
			isa = PBXContainerItemProxy;
			containerPortal = 9048512A2DFC38DB006D9F78 /* Project object */;
			proxyType = 1;
			remoteGlobalIDString = 904851312DFC38DB006D9F78;
			remoteInfo = Pokemon2;
		};
/* End PBXContainerItemProxy section */

/* Begin PBXFileReference section */
		904851322DFC38DB006D9F78 /* Pokemon2.app */ = {isa = PBXFileReference; explicitFileType = wrapper.application; includeInIndex = 0; path = Pokemon2.app; sourceTree = BUILT_PRODUCTS_DIR; };
		9048513F2DFC38DE006D9F78 /* Pokemon2Tests.xctest */ = {isa = PBXFileReference; explicitFileType = wrapper.cfbundle; includeInIndex = 0; path = Pokemon2Tests.xctest; sourceTree = BUILT_PRODUCTS_DIR; };
		904851492DFC38DE006D9F78 /* Pokemon2UITests.xctest */ = {isa = PBXFileReference; explicitFileType = wrapper.cfbundle; includeInIndex = 0; path = Pokemon2UITests.xctest; sourceTree = BUILT_PRODUCTS_DIR; };
/* End PBXFileReference section */

/* Begin PBXFileSystemSynchronizedRootGroup section */
		904851342DFC38DB006D9F78 /* Pokemon2 */ = {
			isa = PBXFileSystemSynchronizedRootGroup;
			path = Pokemon2;
			sourceTree = "<group>";
		};
		904851422DFC38DE006D9F78 /* Pokemon2Tests */ = {
			isa = PBXFileSystemSynchronizedRootGroup;
			path = Pokemon2Tests;
			sourceTree = "<group>";
		};
		9048514C2DFC38DE006D9F78 /* Pokemon2UITests */ = {
			isa = PBXFileSystemSynchronizedRootGroup;
			path = Pokemon2UITests;
			sourceTree = "<group>";
		};
/* End PBXFileSystemSynchronizedRootGroup section */

/* Begin PBXFrameworksBuildPhase section */
		9048512F2DFC38DB006D9F78 /* Frameworks */ = {
			isa = PBXFrameworksBuildPhase;
			buildActionMask = 2147483647;
			files = (
			);
			runOnlyForDeploymentPostprocessing = 0;
		};
		9048513C2DFC38DE006D9F78 /* Frameworks */ = {
			isa = PBXFrameworksBuildPhase;
			buildActionMask = 2147483647;
			files = (
			);
			runOnlyForDeploymentPostprocessing = 0;
		};
		904851462DFC38DE006D9F78 /* Frameworks */ = {
			isa = PBXFrameworksBuildPhase;
			buildActionMask = 2147483647;
			files = (
			);
			runOnlyForDeploymentPostprocessing = 0;
		};
/* End PBXFrameworksBuildPhase section */

/* Begin PBXGroup section */
		904851292DFC38DB006D9F78 = {
			isa = PBXGroup;
			children = (
				904851342DFC38DB006D9F78 /* Pokemon2 */,
				904851422DFC38DE006D9F78 /* Pokemon2Tests */,
				9048514C2DFC38DE006D9F78 /* Pokemon2UITests */,
				904851332DFC38DB006D9F78 /* Products */,
			);
			sourceTree = "<group>";
		};
		904851332DFC38DB006D9F78 /* Products */ = {
			isa = PBXGroup;
			children = (
				904851322DFC38DB006D9F78 /* Pokemon2.app */,
				9048513F2DFC38DE006D9F78 /* Pokemon2Tests.xctest */,
				904851492DFC38DE006D9F78 /* Pokemon2UITests.xctest */,
			);
			name = Products;
			sourceTree = "<group>";
		};
/* End PBXGroup section */

/* Begin PBXNativeTarget section */
		904851312DFC38DB006D9F78 /* Pokemon2 */ = {
			isa = PBXNativeTarget;
			buildConfigurationList = 904851532DFC38DE006D9F78 /* Build configuration list for PBXNativeTarget "Pokemon2" */;
			buildPhases = (
				9048512E2DFC38DB006D9F78 /* Sources */,
				9048512F2DFC38DB006D9F78 /* Frameworks */,
				904851302DFC38DB006D9F78 /* Resources */,
			);
			buildRules = (
			);
			dependencies = (
			);
			fileSystemSynchronizedGroups = (
				904851342DFC38DB006D9F78 /* Pokemon2 */,
			);
			name = Pokemon2;
			packageProductDependencies = (
			);
			productName = Pokemon2;
			productReference = 904851322DFC38DB006D9F78 /* Pokemon2.app */;
			productType = "com.apple.product-type.application";
		};
		9048513E2DFC38DE006D9F78 /* Pokemon2Tests */ = {
			isa = PBXNativeTarget;
			buildConfigurationList = 904851562DFC38DE006D9F78 /* Build configuration list for PBXNativeTarget "Pokemon2Tests" */;
			buildPhases = (
				9048513B2DFC38DE006D9F78 /* Sources */,
				9048513C2DFC38DE006D9F78 /* Frameworks */,
				9048513D2DFC38DE006D9F78 /* Resources */,
			);
			buildRules = (
			);
			dependencies = (
				904851412DFC38DE006D9F78 /* PBXTargetDependency */,
			);
			fileSystemSynchronizedGroups = (
				904851422DFC38DE006D9F78 /* Pokemon2Tests */,
			);
			name = Pokemon2Tests;
			packageProductDependencies = (
			);
			productName = Pokemon2Tests;
			productReference = 9048513F2DFC38DE006D9F78 /* Pokemon2Tests.xctest */;
			productType = "com.apple.product-type.bundle.unit-test";
		};
		904851482DFC38DE006D9F78 /* Pokemon2UITests */ = {
			isa = PBXNativeTarget;
			buildConfigurationList = 904851592DFC38DE006D9F78 /* Build configuration list for PBXNativeTarget "Pokemon2UITests" */;
			buildPhases = (
				904851452DFC38DE006D9F78 /* Sources */,
				904851462DFC38DE006D9F78 /* Frameworks */,
				904851472DFC38DE006D9F78 /* Resources */,
			);
			buildRules = (
			);
			dependencies = (
				9048514B2DFC38DE006D9F78 /* PBXTargetDependency */,
			);
			fileSystemSynchronizedGroups = (
				9048514C2DFC38DE006D9F78 /* Pokemon2UITests */,
			);
			name = Pokemon2UITests;
			packageProductDependencies = (
			);
			productName = Pokemon2UITests;
			productReference = 904851492DFC38DE006D9F78 /* Pokemon2UITests.xctest */;
			productType = "com.apple.product-type.bundle.ui-testing";
		};
/* End PBXNativeTarget section */

/* Begin PBXProject section */
		9048512A2DFC38DB006D9F78 /* Project object */ = {
			isa = PBXProject;
			attributes = {
				BuildIndependentTargetsInParallel = 1;
				LastSwiftUpdateCheck = 1630;
				LastUpgradeCheck = 1630;
				TargetAttributes = {
					904851312DFC38DB006D9F78 = {
						CreatedOnToolsVersion = 16.3;
					};
					9048513E2DFC38DE006D9F78 = {
						CreatedOnToolsVersion = 16.3;
						TestTargetID = 904851312DFC38DB006D9F78;
					};
					904851482DFC38DE006D9F78 = {
						CreatedOnToolsVersion = 16.3;
						TestTargetID = 904851312DFC38DB006D9F78;
					};
				};
			};
			buildConfigurationList = 9048512D2DFC38DB006D9F78 /* Build configuration list for PBXProject "Pokemon2" */;
			developmentRegion = en;
			hasScannedForEncodings = 0;
			knownRegions = (
				en,
				Base,
			);
			mainGroup = 904851292DFC38DB006D9F78;
			minimizedProjectReferenceProxies = 1;
			preferredProjectObjectVersion = 77;
			productRefGroup = 904851332DFC38DB006D9F78 /* Products */;
			projectDirPath = "";
			projectRoot = "";
			targets = (
				904851312DFC38DB006D9F78 /* Pokemon2 */,
				9048513E2DFC38DE006D9F78 /* Pokemon2Tests */,
				904851482DFC38DE006D9F78 /* Pokemon2UITests */,
			);
		};
/* End PBXProject section */

/* Begin PBXResourcesBuildPhase section */
		904851302DFC38DB006D9F78 /* Resources */ = {
			isa = PBXResourcesBuildPhase;
			buildActionMask = 2147483647;
			files = (
			);
			runOnlyForDeploymentPostprocessing = 0;
		};
		9048513D2DFC38DE006D9F78 /* Resources */ = {
			isa = PBXResourcesBuildPhase;
			buildActionMask = 2147483647;
			files = (
			);
			runOnlyForDeploymentPostprocessing = 0;
		};
		904851472DFC38DE006D9F78 /* Resources */ = {
			isa = PBXResourcesBuildPhase;
			buildActionMask = 2147483647;
			files = (
			);
			runOnlyForDeploymentPostprocessing = 0;
		};
/* End PBXResourcesBuildPhase section */

/* Begin PBXSourcesBuildPhase section */
		9048512E2DFC38DB006D9F78 /* Sources */ = {
			isa = PBXSourcesBuildPhase;
			buildActionMask = 2147483647;
			files = (
			);
			runOnlyForDeploymentPostprocessing = 0;
		};
		9048513B2DFC38DE006D9F78 /* Sources */ = {
			isa = PBXSourcesBuildPhase;
			buildActionMask = 2147483647;
			files = (
			);
			runOnlyForDeploymentPostprocessing = 0;
		};
		904851452DFC38DE006D9F78 /* Sources */ = {
			isa = PBXSourcesBuildPhase;
			buildActionMask = 2147483647;
			files = (
			);
			runOnlyForDeploymentPostprocessing = 0;
		};
/* End PBXSourcesBuildPhase section */

/* Begin PBXTargetDependency section */
		904851412DFC38DE006D9F78 /* PBXTargetDependency */ = {
			isa = PBXTargetDependency;
			target = 904851312DFC38DB006D9F78 /* Pokemon2 */;
			targetProxy = 904851402DFC38DE006D9F78 /* PBXContainerItemProxy */;
		};
		9048514B2DFC38DE006D9F78 /* PBXTargetDependency */ = {
			isa = PBXTargetDependency;
			target = 904851312DFC38DB006D9F78 /* Pokemon2 */;
			targetProxy = 9048514A2DFC38DE006D9F78 /* PBXContainerItemProxy */;
		};
/* End PBXTargetDependency section */

/* Begin XCBuildConfiguration section */
		904851512DFC38DE006D9F78 /* Debug */ = {
			isa = XCBuildConfiguration;
			buildSettings = {
				ALWAYS_SEARCH_USER_PATHS = NO;
				ASSETCATALOG_COMPILER_GENERATE_SWIFT_ASSET_SYMBOL_EXTENSIONS = YES;
				CLANG_ANALYZER_NONNULL = YES;
				CLANG_ANALYZER_NUMBER_OBJECT_CONVERSION = YES_AGGRESSIVE;
				CLANG_CXX_LANGUAGE_STANDARD = "gnu++20";
				CLANG_ENABLE_MODULES = YES;
				CLANG_ENABLE_OBJC_ARC = YES;
				CLANG_ENABLE_OBJC_WEAK = YES;
				CLANG_WARN_BLOCK_CAPTURE_AUTORELEASING = YES;
				CLANG_WARN_BOOL_CONVERSION = YES;
				CLANG_WARN_COMMA = YES;
				CLANG_WARN_CONSTANT_CONVERSION = YES;
				CLANG_WARN_DEPRECATED_OBJC_IMPLEMENTATIONS = YES;
				CLANG_WARN_DIRECT_OBJC_ISA_USAGE = YES_ERROR;
				CLANG_WARN_DOCUMENTATION_COMMENTS = YES;
				CLANG_WARN_EMPTY_BODY = YES;
				CLANG_WARN_ENUM_CONVERSION = YES;
				CLANG_WARN_INFINITE_RECURSION = YES;
				CLANG_WARN_INT_CONVERSION = YES;
				CLANG_WARN_NON_LITERAL_NULL_CONVERSION = YES;
				CLANG_WARN_OBJC_IMPLICIT_RETAIN_SELF = YES;
				CLANG_WARN_OBJC_LITERAL_CONVERSION = YES;
				CLANG_WARN_OBJC_ROOT_CLASS = YES_ERROR;
				CLANG_WARN_QUOTED_INCLUDE_IN_FRAMEWORK_HEADER = YES;
				CLANG_WARN_RANGE_LOOP_ANALYSIS = YES;
				CLANG_WARN_STRICT_PROTOTYPES = YES;
				CLANG_WARN_SUSPICIOUS_MOVE = YES;
				CLANG_WARN_UNGUARDED_AVAILABILITY = YES_AGGRESSIVE;
				CLANG_WARN_UNREACHABLE_CODE = YES;
				CLANG_WARN__DUPLICATE_METHOD_MATCH = YES;
				COPY_PHASE_STRIP = NO;
				DEBUG_INFORMATION_FORMAT = dwarf;
				ENABLE_STRICT_OBJC_MSGSEND = YES;
				ENABLE_TESTABILITY = YES;
				ENABLE_USER_SCRIPT_SANDBOXING = YES;
				GCC_C_LANGUAGE_STANDARD = gnu17;
				GCC_DYNAMIC_NO_PIC = NO;
				GCC_NO_COMMON_BLOCKS = YES;
				GCC_OPTIMIZATION_LEVEL = 0;
				GCC_PREPROCESSOR_DEFINITIONS = (
					"DEBUG=1",
					"$(inherited)",
				);
				GCC_WARN_64_TO_32_BIT_CONVERSION = YES;
				GCC_WARN_ABOUT_RETURN_TYPE = YES_ERROR;
				GCC_WARN_UNDECLARED_SELECTOR = YES;
				GCC_WARN_UNINITIALIZED_AUTOS = YES_AGGRESSIVE;
				GCC_WARN_UNUSED_FUNCTION = YES;
				GCC_WARN_UNUSED_VARIABLE = YES;
				IPHONEOS_DEPLOYMENT_TARGET = 18.4;
				LOCALIZATION_PREFERS_STRING_CATALOGS = YES;
				MTL_ENABLE_DEBUG_INFO = INCLUDE_SOURCE;
				MTL_FAST_MATH = YES;
				ONLY_ACTIVE_ARCH = YES;
				SDKROOT = iphoneos;
				SWIFT_ACTIVE_COMPILATION_CONDITIONS = "DEBUG $(inherited)";
				SWIFT_OPTIMIZATION_LEVEL = "-Onone";
			};
			name = Debug;
		};
		904851522DFC38DE006D9F78 /* Release */ = {
			isa = XCBuildConfiguration;
			buildSettings = {
				ALWAYS_SEARCH_USER_PATHS = NO;
				ASSETCATALOG_COMPILER_GENERATE_SWIFT_ASSET_SYMBOL_EXTENSIONS = YES;
				CLANG_ANALYZER_NONNULL = YES;
				CLANG_ANALYZER_NUMBER_OBJECT_CONVERSION = YES_AGGRESSIVE;
				CLANG_CXX_LANGUAGE_STANDARD = "gnu++20";
				CLANG_ENABLE_MODULES = YES;
				CLANG_ENABLE_OBJC_ARC = YES;
				CLANG_ENABLE_OBJC_WEAK = YES;
				CLANG_WARN_BLOCK_CAPTURE_AUTORELEASING = YES;
				CLANG_WARN_BOOL_CONVERSION = YES;
				CLANG_WARN_COMMA = YES;
				CLANG_WARN_CONSTANT_CONVERSION = YES;
				CLANG_WARN_DEPRECATED_OBJC_IMPLEMENTATIONS = YES;
				CLANG_WARN_DIRECT_OBJC_ISA_USAGE = YES_ERROR;
				CLANG_WARN_DOCUMENTATION_COMMENTS = YES;
				CLANG_WARN_EMPTY_BODY = YES;
				CLANG_WARN_ENUM_CONVERSION = YES;
				CLANG_WARN_INFINITE_RECURSION = YES;
				CLANG_WARN_INT_CONVERSION = YES;
				CLANG_WARN_NON_LITERAL_NULL_CONVERSION = YES;
				CLANG_WARN_OBJC_IMPLICIT_RETAIN_SELF = YES;
				CLANG_WARN_OBJC_LITERAL_CONVERSION = YES;
				CLANG_WARN_OBJC_ROOT_CLASS = YES_ERROR;
				CLANG_WARN_QUOTED_INCLUDE_IN_FRAMEWORK_HEADER = YES;
				CLANG_WARN_RANGE_LOOP_ANALYSIS = YES;
				CLANG_WARN_STRICT_PROTOTYPES = YES;
				CLANG_WARN_SUSPICIOUS_MOVE = YES;
				CLANG_WARN_UNGUARDED_AVAILABILITY = YES_AGGRESSIVE;
				CLANG_WARN_UNREACHABLE_CODE = YES;
				CLANG_WARN__DUPLICATE_METHOD_MATCH = YES;
				COPY_PHASE_STRIP = NO;
				DEBUG_INFORMATION_FORMAT = "dwarf-with-dsym";
				ENABLE_NS_ASSERTIONS = NO;
				ENABLE_STRICT_OBJC_MSGSEND = YES;
				ENABLE_USER_SCRIPT_SANDBOXING = YES;
				GCC_C_LANGUAGE_STANDARD = gnu17;
				GCC_NO_COMMON_BLOCKS = YES;
				GCC_WARN_64_TO_32_BIT_CONVERSION = YES;
				GCC_WARN_ABOUT_RETURN_TYPE = YES_ERROR;
				GCC_WARN_UNDECLARED_SELECTOR = YES;
				GCC_WARN_UNINITIALIZED_AUTOS = YES_AGGRESSIVE;
				GCC_WARN_UNUSED_FUNCTION = YES;
				GCC_WARN_UNUSED_VARIABLE = YES;
				IPHONEOS_DEPLOYMENT_TARGET = 18.4;
				LOCALIZATION_PREFERS_STRING_CATALOGS = YES;
				MTL_ENABLE_DEBUG_INFO = NO;
				MTL_FAST_MATH = YES;
				SDKROOT = iphoneos;
				SWIFT_COMPILATION_MODE = wholemodule;
				VALIDATE_PRODUCT = YES;
			};
			name = Release;
		};
		904851542DFC38DE006D9F78 /* Debug */ = {
			isa = XCBuildConfiguration;
			buildSettings = {
				ASSETCATALOG_COMPILER_APPICON_NAME = AppIcon;
				ASSETCATALOG_COMPILER_GLOBAL_ACCENT_COLOR_NAME = AccentColor;
				CODE_SIGN_STYLE = Automatic;
				CURRENT_PROJECT_VERSION = 1;
				ENABLE_PREVIEWS = YES;
				GENERATE_INFOPLIST_FILE = YES;
				INFOPLIST_KEY_UIApplicationSceneManifest_Generation = YES;
				INFOPLIST_KEY_UIApplicationSupportsIndirectInputEvents = YES;
				INFOPLIST_KEY_UILaunchScreen_Generation = YES;
				INFOPLIST_KEY_UISupportedInterfaceOrientations_iPad = "UIInterfaceOrientationPortrait UIInterfaceOrientationPortraitUpsideDown UIInterfaceOrientationLandscapeLeft UIInterfaceOrientationLandscapeRight";
				INFOPLIST_KEY_UISupportedInterfaceOrientations_iPhone = "UIInterfaceOrientationPortrait UIInterfaceOrientationLandscapeLeft UIInterfaceOrientationLandscapeRight";
				LD_RUNPATH_SEARCH_PATHS = (
					"$(inherited)",
					"@executable_path/Frameworks",
				);
				MARKETING_VERSION = 1.0;
				PRODUCT_BUNDLE_IDENTIFIER = will.Pokemon2;
				PRODUCT_NAME = "$(TARGET_NAME)";
				SWIFT_EMIT_LOC_STRINGS = YES;
				SWIFT_VERSION = 5.0;
				TARGETED_DEVICE_FAMILY = "1,2";
			};
			name = Debug;
		};
		904851552DFC38DE006D9F78 /* Release */ = {
			isa = XCBuildConfiguration;
			buildSettings = {
				ASSETCATALOG_COMPILER_APPICON_NAME = AppIcon;
				ASSETCATALOG_COMPILER_GLOBAL_ACCENT_COLOR_NAME = AccentColor;
				CODE_SIGN_STYLE = Automatic;
				CURRENT_PROJECT_VERSION = 1;
				ENABLE_PREVIEWS = YES;
				GENERATE_INFOPLIST_FILE = YES;
				INFOPLIST_KEY_UIApplicationSceneManifest_Generation = YES;
				INFOPLIST_KEY_UIApplicationSupportsIndirectInputEvents = YES;
				INFOPLIST_KEY_UILaunchScreen_Generation = YES;
				INFOPLIST_KEY_UISupportedInterfaceOrientations_iPad = "UIInterfaceOrientationPortrait UIInterfaceOrientationPortraitUpsideDown UIInterfaceOrientationLandscapeLeft UIInterfaceOrientationLandscapeRight";
				INFOPLIST_KEY_UISupportedInterfaceOrientations_iPhone = "UIInterfaceOrientationPortrait UIInterfaceOrientationLandscapeLeft UIInterfaceOrientationLandscapeRight";
				LD_RUNPATH_SEARCH_PATHS = (
					"$(inherited)",
					"@executable_path/Frameworks",
				);
				MARKETING_VERSION = 1.0;
				PRODUCT_BUNDLE_IDENTIFIER = will.Pokemon2;
				PRODUCT_NAME = "$(TARGET_NAME)";
				SWIFT_EMIT_LOC_STRINGS = YES;
				SWIFT_VERSION = 5.0;
				TARGETED_DEVICE_FAMILY = "1,2";
			};
			name = Release;
		};
		904851572DFC38DE006D9F78 /* Debug */ = {
			isa = XCBuildConfiguration;
			buildSettings = {
				BUNDLE_LOADER = "$(TEST_HOST)";
				CODE_SIGN_STYLE = Automatic;
				CURRENT_PROJECT_VERSION = 1;
				GENERATE_INFOPLIST_FILE = YES;
				IPHONEOS_DEPLOYMENT_TARGET = 18.4;
				MARKETING_VERSION = 1.0;
				PRODUCT_BUNDLE_IDENTIFIER = will.Pokemon2Tests;
				PRODUCT_NAME = "$(TARGET_NAME)";
				SWIFT_EMIT_LOC_STRINGS = NO;
				SWIFT_VERSION = 5.0;
				TARGETED_DEVICE_FAMILY = "1,2";
				TEST_HOST = "$(BUILT_PRODUCTS_DIR)/Pokemon2.app/$(BUNDLE_EXECUTABLE_FOLDER_PATH)/Pokemon2";
			};
			name = Debug;
		};
		904851582DFC38DE006D9F78 /* Release */ = {
			isa = XCBuildConfiguration;
			buildSettings = {
				BUNDLE_LOADER = "$(TEST_HOST)";
				CODE_SIGN_STYLE = Automatic;
				CURRENT_PROJECT_VERSION = 1;
				GENERATE_INFOPLIST_FILE = YES;
				IPHONEOS_DEPLOYMENT_TARGET = 18.4;
				MARKETING_VERSION = 1.0;
				PRODUCT_BUNDLE_IDENTIFIER = will.Pokemon2Tests;
				PRODUCT_NAME = "$(TARGET_NAME)";
				SWIFT_EMIT_LOC_STRINGS = NO;
				SWIFT_VERSION = 5.0;
				TARGETED_DEVICE_FAMILY = "1,2";
				TEST_HOST = "$(BUILT_PRODUCTS_DIR)/Pokemon2.app/$(BUNDLE_EXECUTABLE_FOLDER_PATH)/Pokemon2";
			};
			name = Release;
		};
		9048515A2DFC38DE006D9F78 /* Debug */ = {
			isa = XCBuildConfiguration;
			buildSettings = {
				CODE_SIGN_STYLE = Automatic;
				CURRENT_PROJECT_VERSION = 1;
				GENERATE_INFOPLIST_FILE = YES;
				MARKETING_VERSION = 1.0;
				PRODUCT_BUNDLE_IDENTIFIER = will.Pokemon2UITests;
				PRODUCT_NAME = "$(TARGET_NAME)";
				SWIFT_EMIT_LOC_STRINGS = NO;
				SWIFT_VERSION = 5.0;
				TARGETED_DEVICE_FAMILY = "1,2";
				TEST_TARGET_NAME = Pokemon2;
			};
			name = Debug;
		};
		9048515B2DFC38DE006D9F78 /* Release */ = {
			isa = XCBuildConfiguration;
			buildSettings = {
				CODE_SIGN_STYLE = Automatic;
				CURRENT_PROJECT_VERSION = 1;
				GENERATE_INFOPLIST_FILE = YES;
				MARKETING_VERSION = 1.0;
				PRODUCT_BUNDLE_IDENTIFIER = will.Pokemon2UITests;
				PRODUCT_NAME = "$(TARGET_NAME)";
				SWIFT_EMIT_LOC_STRINGS = NO;
				SWIFT_VERSION = 5.0;
				TARGETED_DEVICE_FAMILY = "1,2";
				TEST_TARGET_NAME = Pokemon2;
			};
			name = Release;
		};
/* End XCBuildConfiguration section */

/* Begin XCConfigurationList section */
		9048512D2DFC38DB006D9F78 /* Build configuration list for PBXProject "Pokemon2" */ = {
			isa = XCConfigurationList;
			buildConfigurations = (
				904851512DFC38DE006D9F78 /* Debug */,
				904851522DFC38DE006D9F78 /* Release */,
			);
			defaultConfigurationIsVisible = 0;
			defaultConfigurationName = Release;
		};
		904851532DFC38DE006D9F78 /* Build configuration list for PBXNativeTarget "Pokemon2" */ = {
			isa = XCConfigurationList;
			buildConfigurations = (
				904851542DFC38DE006D9F78 /* Debug */,
				904851552DFC38DE006D9F78 /* Release */,
			);
			defaultConfigurationIsVisible = 0;
			defaultConfigurationName = Release;
		};
		904851562DFC38DE006D9F78 /* Build configuration list for PBXNativeTarget "Pokemon2Tests" */ = {
			isa = XCConfigurationList;
			buildConfigurations = (
				904851572DFC38DE006D9F78 /* Debug */,
				904851582DFC38DE006D9F78 /* Release */,
			);
			defaultConfigurationIsVisible = 0;
			defaultConfigurationName = Release;
		};
		904851592DFC38DE006D9F78 /* Build configuration list for PBXNativeTarget "Pokemon2UITests" */ = {
			isa = XCConfigurationList;
			buildConfigurations = (
				9048515A2DFC38DE006D9F78 /* Debug */,
				9048515B2DFC38DE006D9F78 /* Release */,
			);
			defaultConfigurationIsVisible = 0;
			defaultConfigurationName = Release;
		};
/* End XCConfigurationList section */
	};
	rootObject = 9048512A2DFC38DB006D9F78 /* Project object */;
}
